{
  "version": 4,
  "terraform_version": "1.6.4",
  "serial": 14,
  "lineage": "f10e140b-2acc-7d04-18c2-e5010fdf378d",
  "outputs": {
    "petname": {
      "value": "saddam.gannet",
      "type": "string"
    }
  },
  "resources": [
    {
      "mode": "managed",
      "type": "local_file",
      "name": "pet",
      "provider": "provider[\"registry.terraform.io/hashicorp/local\"]",
      "instances": [
        {
          "index_key": 0,
          "schema_version": 0,
          "attributes": {
            "content": "i love you nancy saddam.gannet",
            "content_base64": null,
            "directory_permission": "0777",
            "file_permission": "700",
            "filename": "pets.txt",
            "id": "f75c35dd0f63868ef3a2a07d43013d03deceda5d",
            "sensitive_content": null,
            "source": null
          },
          "sensitive_attributes": [],
          "private": "bnVsbA==",
          "dependencies": [
            "random_pet.petname"
          ],
          "create_before_destroy": true
        },
        {
          "index_key": 1,
          "schema_version": 0,
          "attributes": {
            "content": "i love you nancy saddam.gannet",
            "content_base64": null,
            "directory_permission": "0777",
            "file_permission": "700",
            "filename": "cats.txt",
            "id": "f75c35dd0f63868ef3a2a07d43013d03deceda5d",
            "sensitive_content": null,
            "source": null
          },
          "sensitive_attributes": [],
          "private": "bnVsbA==",
          "dependencies": [
            "random_pet.petname"
          ],
          "create_before_destroy": true
        },
        {
          "index_key": 2,
          "schema_version": 0,
          "attributes": {
            "content": "i love you nancy saddam.gannet",
            "content_base64": null,
            "directory_permission": "0777",
            "file_permission": "700",
            "filename": "dogs.txt",
            "id": "f75c35dd0f63868ef3a2a07d43013d03deceda5d",
            "sensitive_content": null,
            "source": null
          },
          "sensitive_attributes": [],
          "private": "bnVsbA==",
          "dependencies": [
            "random_pet.petname"
          ],
          "create_before_destroy": true
        }
      ]
    },
    {
      "mode": "managed",
      "type": "random_pet",
      "name": "petname",
      "provider": "provider[\"registry.terraform.io/hashicorp/random\"]",
      "instances": [
        {
          "schema_version": 0,
          "attributes": {
            "id": "saddam.gannet",
            "keepers": null,
            "length": 1,
            "prefix": "saddam",
            "separator": "."
          },
          "sensitive_attributes": [],
          "create_before_destroy": true
        }
      ]
    }
  ],
  "check_results": null
}
